
Microsoft Visual Studio Solution File, Format Version 12.00
# Visual Studio Version 17
VisualStudioVersion = 17.5.33530.505
MinimumVisualStudioVersion = 10.0.40219.1
Project("{FAE04EC0-301F-11D3-BF4B-00C04F79EFBC}") = "Geometria", "Geometria\Geometria.csproj", "{908A22DA-BA5C-4B24-9A40-80B5DDC7AF3D}"
EndProject
Global
	GlobalSection(SolutionConfigurationPlatforms) = preSolution
		Debug|Any CPU = Debug|Any CPU
		Release|Any CPU = Release|Any CPU
	EndGlobalSection
	GlobalSection(ProjectConfigurationPlatforms) = postSolution
		{908A22DA-BA5C-4B24-9A40-80B5DDC7AF3D}.Debug|Any CPU.ActiveCfg = Debug|Any CPU
		{908A22DA-BA5C-4B24-9A40-80B5DDC7AF3D}.Debug|Any CPU.Build.0 = Debug|Any CPU
		{908A22DA-BA5C-4B24-9A40-80B5DDC7AF3D}.Release|Any CPU.ActiveCfg = Release|Any CPU
		{908A22DA-BA5C-4B24-9A40-80B5DDC7AF3D}.Release|Any CPU.Build.0 = Release|Any CPU
	EndGlobalSection
	GlobalSection(SolutionProperties) = preSolution
		HideSolutionNode = FALSE
	EndGlobalSection
	GlobalSection(ExtensibilityGlobals) = postSolution
		SolutionGuid = {D3415DE5-EBC5-4BD8-80C2-2ADD25642C36}
	EndGlobalSection
EndGlobal
